
Microsoft Visual Studio Solution File, Format Version 12.00
# Visual Studio Version 16
VisualStudioVersion = 16.0.30907.101
MinimumVisualStudioVersion = 10.0.40219.1
Project("{FAE04EC0-301F-11D3-BF4B-00C04F79EFBC}") = "Book catalog API", "Book catalog API\Book catalog API.csproj", "{4944E22E-5EC8-4579-8CBA-410A6AC035A9}"
EndProject
Global
	GlobalSection(SolutionConfigurationPlatforms) = preSolution
		Debug|Any CPU = Debug|Any CPU
		Release|Any CPU = Release|Any CPU
	EndGlobalSection
	GlobalSection(ProjectConfigurationPlatforms) = postSolution
		{4944E22E-5EC8-4579-8CBA-410A6AC035A9}.Debug|Any CPU.ActiveCfg = Debug|Any CPU
		{4944E22E-5EC8-4579-8CBA-410A6AC035A9}.Debug|Any CPU.Build.0 = Debug|Any CPU
		{4944E22E-5EC8-4579-8CBA-410A6AC035A9}.Release|Any CPU.ActiveCfg = Release|Any CPU
		{4944E22E-5EC8-4579-8CBA-410A6AC035A9}.Release|Any CPU.Build.0 = Release|Any CPU
	EndGlobalSection
	GlobalSection(SolutionProperties) = preSolution
		HideSolutionNode = FALSE
	EndGlobalSection
	GlobalSection(ExtensibilityGlobals) = postSolution
		SolutionGuid = {19F96380-7EAD-49FC-9FFA-CA4BF6DA939B}
	EndGlobalSection
EndGlobal
